
Microsoft Visual Studio Solution File, Format Version 12.00
# Visual Studio Version 16
VisualStudioVersion = 16.0.29613.14
MinimumVisualStudioVersion = 10.0.40219.1
Project("{FAE04EC0-301F-11D3-BF4B-00C04F79EFBC}") = "qlthpt", "qlthpt\qlthpt.csproj", "{C8B1D93C-3F04-478C-B392-23978737F782}"
EndProject
Global
	GlobalSection(SolutionConfigurationPlatforms) = preSolution
		Debug|Any CPU = Debug|Any CPU
		Release|Any CPU = Release|Any CPU
	EndGlobalSection
	GlobalSection(ProjectConfigurationPlatforms) = postSolution
		{C8B1D93C-3F04-478C-B392-23978737F782}.Debug|Any CPU.ActiveCfg = Debug|Any CPU
		{C8B1D93C-3F04-478C-B392-23978737F782}.Debug|Any CPU.Build.0 = Debug|Any CPU
		{C8B1D93C-3F04-478C-B392-23978737F782}.Release|Any CPU.ActiveCfg = Release|Any CPU
		{C8B1D93C-3F04-478C-B392-23978737F782}.Release|Any CPU.Build.0 = Release|Any CPU
	EndGlobalSection
	GlobalSection(SolutionProperties) = preSolution
		HideSolutionNode = FALSE
	EndGlobalSection
	GlobalSection(ExtensibilityGlobals) = postSolution
		SolutionGuid = {16BD9B56-9D55-49F5-906D-BE071ED1EB38}
	EndGlobalSection
EndGlobal
